// !$*UTF8*$!
{
	archiveVersion = 1;
	classes = {
	};
	objectVersion = 42;
	objects = {

/* Begin PBXBuildFile section */
		0423390B15F69DFC00E5AE1A /* Color.cpp in Sources */ = {isa = PBXBuildFile; fileRef = 0423390115F69DFC00E5AE1A /* Color.cpp */; };
		0423390C15F69DFC00E5AE1A /* MSACoreGL.cpp in Sources */ = {isa = PBXBuildFile; fileRef = 0423390815F69DFC00E5AE1A /* MSACoreGL.cpp */; };
		044E2AA915F0B2130077B0E6 /* dump.c in Sources */ = {isa = PBXBuildFile; fileRef = 044E2A9B15F0B2130077B0E6 /* dump.c */; };
		044E2AAA15F0B2130077B0E6 /* hashtable.c in Sources */ = {isa = PBXBuildFile; fileRef = 044E2A9C15F0B2130077B0E6 /* hashtable.c */; };
		044E2AAB15F0B2130077B0E6 /* load.c in Sources */ = {isa = PBXBuildFile; fileRef = 044E2AA015F0B2130077B0E6 /* load.c */; };
		044E2AAC15F0B2130077B0E6 /* strbuffer.c in Sources */ = {isa = PBXBuildFile; fileRef = 044E2AA115F0B2130077B0E6 /* strbuffer.c */; };
		044E2AAD15F0B2130077B0E6 /* utf.c in Sources */ = {isa = PBXBuildFile; fileRef = 044E2AA315F0B2130077B0E6 /* utf.c */; };
		044E2AAE15F0B2130077B0E6 /* value.c in Sources */ = {isa = PBXBuildFile; fileRef = 044E2AA615F0B2130077B0E6 /* value.c */; };
		044E2AAF15F0B2130077B0E6 /* ofxJansson.cpp in Sources */ = {isa = PBXBuildFile; fileRef = 044E2AA715F0B2130077B0E6 /* ofxJansson.cpp */; };
		044E2AB915F0B5300077B0E6 /* tinyxml.cpp in Sources */ = {isa = PBXBuildFile; fileRef = 044E2AB215F0B5300077B0E6 /* tinyxml.cpp */; };
		044E2ABA15F0B5300077B0E6 /* tinyxmlerror.cpp in Sources */ = {isa = PBXBuildFile; fileRef = 044E2AB415F0B5300077B0E6 /* tinyxmlerror.cpp */; };
		044E2ABB15F0B5300077B0E6 /* tinyxmlparser.cpp in Sources */ = {isa = PBXBuildFile; fileRef = 044E2AB515F0B5300077B0E6 /* tinyxmlparser.cpp */; };
		044E2ABC15F0B5300077B0E6 /* ofxXmlSettings.cpp in Sources */ = {isa = PBXBuildFile; fileRef = 044E2AB715F0B5300077B0E6 /* ofxXmlSettings.cpp */; };
		04CAE09915F4E6690073E46D /* data.cpp in Sources */ = {isa = PBXBuildFile; fileRef = 04CAE09815F4E6690073E46D /* data.cpp */; };
		04CAE09D15F5003F0073E46D /* simulator.cpp in Sources */ = {isa = PBXBuildFile; fileRef = 04CAE09C15F5003F0073E46D /* simulator.cpp */; };
		04CAE09F15F504FB0073E46D /* flowControl.cpp in Sources */ = {isa = PBXBuildFile; fileRef = 04CAE09E15F504FB0073E46D /* flowControl.cpp */; };
		04CAE0A615F520590073E46D /* interface.cpp in Sources */ = {isa = PBXBuildFile; fileRef = 04CAE0A515F520590073E46D /* interface.cpp */; };
		BBAB23CB13894F3D00AA2426 /* GLUT.framework in CopyFiles */ = {isa = PBXBuildFile; fileRef = BBAB23BE13894E4700AA2426 /* GLUT.framework */; };
		E4328149138ABC9F0047C5CB /* openFrameworksDebug.a in Frameworks */ = {isa = PBXBuildFile; fileRef = E4328148138ABC890047C5CB /* openFrameworksDebug.a */; };
		E45BE97B0E8CC7DD009D7055 /* AGL.framework in Frameworks */ = {isa = PBXBuildFile; fileRef = E45BE9710E8CC7DD009D7055 /* AGL.framework */; };
		E45BE97C0E8CC7DD009D7055 /* ApplicationServices.framework in Frameworks */ = {isa = PBXBuildFile; fileRef = E45BE9720E8CC7DD009D7055 /* ApplicationServices.framework */; };
		E45BE97D0E8CC7DD009D7055 /* AudioToolbox.framework in Frameworks */ = {isa = PBXBuildFile; fileRef = E45BE9730E8CC7DD009D7055 /* AudioToolbox.framework */; };
		E45BE97E0E8CC7DD009D7055 /* Carbon.framework in Frameworks */ = {isa = PBXBuildFile; fileRef = E45BE9740E8CC7DD009D7055 /* Carbon.framework */; };
		E45BE97F0E8CC7DD009D7055 /* CoreAudio.framework in Frameworks */ = {isa = PBXBuildFile; fileRef = E45BE9750E8CC7DD009D7055 /* CoreAudio.framework */; };
		E45BE9800E8CC7DD009D7055 /* CoreFoundation.framework in Frameworks */ = {isa = PBXBuildFile; fileRef = E45BE9760E8CC7DD009D7055 /* CoreFoundation.framework */; };
		E45BE9810E8CC7DD009D7055 /* CoreServices.framework in Frameworks */ = {isa = PBXBuildFile; fileRef = E45BE9770E8CC7DD009D7055 /* CoreServices.framework */; };
		E45BE9830E8CC7DD009D7055 /* OpenGL.framework in Frameworks */ = {isa = PBXBuildFile; fileRef = E45BE9790E8CC7DD009D7055 /* OpenGL.framework */; };
		E45BE9840E8CC7DD009D7055 /* QuickTime.framework in Frameworks */ = {isa = PBXBuildFile; fileRef = E45BE97A0E8CC7DD009D7055 /* QuickTime.framework */; };
		E4B69E200A3A1BDC003C02F2 /* main.cpp in Sources */ = {isa = PBXBuildFile; fileRef = E4B69E1D0A3A1BDC003C02F2 /* main.cpp */; };
		E4B69E210A3A1BDC003C02F2 /* testApp.cpp in Sources */ = {isa = PBXBuildFile; fileRef = E4B69E1E0A3A1BDC003C02F2 /* testApp.cpp */; };
		E4C2424710CC5A17004149E2 /* AppKit.framework in Frameworks */ = {isa = PBXBuildFile; fileRef = E4C2424410CC5A17004149E2 /* AppKit.framework */; };
		E4C2424810CC5A17004149E2 /* Cocoa.framework in Frameworks */ = {isa = PBXBuildFile; fileRef = E4C2424510CC5A17004149E2 /* Cocoa.framework */; };
		E4C2424910CC5A17004149E2 /* IOKit.framework in Frameworks */ = {isa = PBXBuildFile; fileRef = E4C2424610CC5A17004149E2 /* IOKit.framework */; };
		E4EB6799138ADC1D00A09F29 /* GLUT.framework in Frameworks */ = {isa = PBXBuildFile; fileRef = BBAB23BE13894E4700AA2426 /* GLUT.framework */; };
/* End PBXBuildFile section */

/* Begin PBXContainerItemProxy section */
		E4328147138ABC890047C5CB /* PBXContainerItemProxy */ = {
			isa = PBXContainerItemProxy;
			containerPortal = E4328143138ABC890047C5CB /* openFrameworksLib.xcodeproj */;
			proxyType = 2;
			remoteGlobalIDString = E4B27C1510CBEB8E00536013;
			remoteInfo = openFrameworks;
		};
		E4EEB9AB138B136A00A80321 /* PBXContainerItemProxy */ = {
			isa = PBXContainerItemProxy;
			containerPortal = E4328143138ABC890047C5CB /* openFrameworksLib.xcodeproj */;
			proxyType = 1;
			remoteGlobalIDString = E4B27C1410CBEB8E00536013;
			remoteInfo = openFrameworks;
		};
/* End PBXContainerItemProxy section */

/* Begin PBXCopyFilesBuildPhase section */
		E4C2427710CC5ABF004149E2 /* CopyFiles */ = {
			isa = PBXCopyFilesBuildPhase;
			buildActionMask = 2147483647;
			dstPath = "";
			dstSubfolderSpec = 10;
			files = (
				BBAB23CB13894F3D00AA2426 /* GLUT.framework in CopyFiles */,
			);
			runOnlyForDeploymentPostprocessing = 0;
		};
/* End PBXCopyFilesBuildPhase section */

/* Begin PBXFileReference section */
		042338EF15F691BC00E5AE1A /* changelog.txt */ = {isa = PBXFileReference; fileEncoding = 4; lastKnownFileType = text; path = changelog.txt; sourceTree = "<group>"; };
		042338F215F691BC00E5AE1A /* install.xml */ = {isa = PBXFileReference; fileEncoding = 4; lastKnownFileType = text.xml; path = install.xml; sourceTree = "<group>"; };
		042338F315F691BC00E5AE1A /* LICENSE.txt */ = {isa = PBXFileReference; fileEncoding = 4; lastKnownFileType = text; path = LICENSE.txt; sourceTree = "<group>"; };
		042338F515F691BC00E5AE1A /* MSAInterpolationTypes.h */ = {isa = PBXFileReference; fileEncoding = 4; lastKnownFileType = sourcecode.c.h; path = MSAInterpolationTypes.h; sourceTree = "<group>"; };
		042338F615F691BC00E5AE1A /* MSAInterpolator.h */ = {isa = PBXFileReference; fileEncoding = 4; lastKnownFileType = sourcecode.c.h; path = MSAInterpolator.h; sourceTree = "<group>"; };
		042338F715F691BC00E5AE1A /* MSAInterpolator1D.h */ = {isa = PBXFileReference; fileEncoding = 4; lastKnownFileType = sourcecode.c.h; path = MSAInterpolator1D.h; sourceTree = "<group>"; };
		042338F815F691BC00E5AE1A /* MSAInterpolator2D.h */ = {isa = PBXFileReference; fileEncoding = 4; lastKnownFileType = sourcecode.c.h; path = MSAInterpolator2D.h; sourceTree = "<group>"; };
		042338F915F691BC00E5AE1A /* MSAInterpolator3D.h */ = {isa = PBXFileReference; fileEncoding = 4; lastKnownFileType = sourcecode.c.h; path = MSAInterpolator3D.h; sourceTree = "<group>"; };
		042338FA15F691BC00E5AE1A /* MSAInterpolatorT.h */ = {isa = PBXFileReference; fileEncoding = 4; lastKnownFileType = sourcecode.c.h; path = MSAInterpolatorT.h; sourceTree = "<group>"; };
		042338FC15F69DFC00E5AE1A /* install.xml */ = {isa = PBXFileReference; fileEncoding = 4; lastKnownFileType = text.xml; path = install.xml; sourceTree = "<group>"; };
		042338FF15F69DFC00E5AE1A /* ChanTraits.h */ = {isa = PBXFileReference; fileEncoding = 4; lastKnownFileType = sourcecode.c.h; path = ChanTraits.h; sourceTree = "<group>"; };
		0423390015F69DFC00E5AE1A /* CinderMath.h */ = {isa = PBXFileReference; fileEncoding = 4; lastKnownFileType = sourcecode.c.h; path = CinderMath.h; sourceTree = "<group>"; };
		0423390115F69DFC00E5AE1A /* Color.cpp */ = {isa = PBXFileReference; fileEncoding = 4; lastKnownFileType = sourcecode.cpp.cpp; path = Color.cpp; sourceTree = "<group>"; };
		0423390215F69DFC00E5AE1A /* Color.h */ = {isa = PBXFileReference; fileEncoding = 4; lastKnownFileType = sourcecode.c.h; path = Color.h; sourceTree = "<group>"; };
		0423390315F69DFC00E5AE1A /* Vector.h */ = {isa = PBXFileReference; fileEncoding = 4; lastKnownFileType = sourcecode.c.h; path = Vector.h; sourceTree = "<group>"; };
		0423390415F69DFC00E5AE1A /* MSACore-Cinder.h */ = {isa = PBXFileReference; fileEncoding = 4; lastKnownFileType = sourcecode.c.h; path = "MSACore-Cinder.h"; sourceTree = "<group>"; };
		0423390515F69DFC00E5AE1A /* MSACore-OF.h */ = {isa = PBXFileReference; fileEncoding = 4; lastKnownFileType = sourcecode.c.h; path = "MSACore-OF.h"; sourceTree = "<group>"; };
		0423390615F69DFC00E5AE1A /* MSACore.h */ = {isa = PBXFileReference; fileEncoding = 4; lastKnownFileType = sourcecode.c.h; path = MSACore.h; sourceTree = "<group>"; };
		0423390715F69DFC00E5AE1A /* MSACoreCommon.h */ = {isa = PBXFileReference; fileEncoding = 4; lastKnownFileType = sourcecode.c.h; path = MSACoreCommon.h; sourceTree = "<group>"; };
		0423390815F69DFC00E5AE1A /* MSACoreGL.cpp */ = {isa = PBXFileReference; fileEncoding = 4; lastKnownFileType = sourcecode.cpp.cpp; path = MSACoreGL.cpp; sourceTree = "<group>"; };
		0423390915F69DFC00E5AE1A /* MSACoreGL.h */ = {isa = PBXFileReference; fileEncoding = 4; lastKnownFileType = sourcecode.c.h; path = MSACoreGL.h; sourceTree = "<group>"; };
		0423390A15F69DFC00E5AE1A /* MSACoreMath.h */ = {isa = PBXFileReference; fileEncoding = 4; lastKnownFileType = sourcecode.c.h; path = MSACoreMath.h; sourceTree = "<group>"; };
		0423391015F6CAEC00E5AE1A /* config */ = {isa = PBXFileReference; fileEncoding = 4; lastKnownFileType = text; path = config; sourceTree = "<group>"; };
		0423391115F6CAEC00E5AE1A /* description */ = {isa = PBXFileReference; fileEncoding = 4; lastKnownFileType = text; path = description; sourceTree = "<group>"; };
		0423391215F6CAEC00E5AE1A /* FETCH_HEAD */ = {isa = PBXFileReference; fileEncoding = 4; lastKnownFileType = text; path = FETCH_HEAD; sourceTree = "<group>"; };
		0423391315F6CAEC00E5AE1A /* HEAD */ = {isa = PBXFileReference; fileEncoding = 4; lastKnownFileType = text; path = HEAD; sourceTree = "<group>"; };
		0423391515F6CAEC00E5AE1A /* applypatch-msg.sample */ = {isa = PBXFileReference; fileEncoding = 4; lastKnownFileType = text.script.sh; path = "applypatch-msg.sample"; sourceTree = "<group>"; };
		0423391615F6CAEC00E5AE1A /* commit-msg.sample */ = {isa = PBXFileReference; fileEncoding = 4; lastKnownFileType = text.script.sh; path = "commit-msg.sample"; sourceTree = "<group>"; };
		0423391715F6CAEC00E5AE1A /* post-commit.sample */ = {isa = PBXFileReference; fileEncoding = 4; lastKnownFileType = text.script.sh; path = "post-commit.sample"; sourceTree = "<group>"; };
		0423391815F6CAEC00E5AE1A /* post-receive.sample */ = {isa = PBXFileReference; fileEncoding = 4; lastKnownFileType = text.script.sh; path = "post-receive.sample"; sourceTree = "<group>"; };
		0423391915F6CAEC00E5AE1A /* post-update.sample */ = {isa = PBXFileReference; fileEncoding = 4; lastKnownFileType = text.script.sh; path = "post-update.sample"; sourceTree = "<group>"; };
		0423391A15F6CAEC00E5AE1A /* pre-applypatch.sample */ = {isa = PBXFileReference; fileEncoding = 4; lastKnownFileType = text.script.sh; path = "pre-applypatch.sample"; sourceTree = "<group>"; };
		0423391B15F6CAEC00E5AE1A /* pre-commit.sample */ = {isa = PBXFileReference; fileEncoding = 4; lastKnownFileType = text.script.sh; path = "pre-commit.sample"; sourceTree = "<group>"; };
		0423391C15F6CAEC00E5AE1A /* pre-rebase.sample */ = {isa = PBXFileReference; fileEncoding = 4; lastKnownFileType = text.script.sh; path = "pre-rebase.sample"; sourceTree = "<group>"; };
		0423391D15F6CAEC00E5AE1A /* prepare-commit-msg.sample */ = {isa = PBXFileReference; fileEncoding = 4; lastKnownFileType = text.script.sh; path = "prepare-commit-msg.sample"; sourceTree = "<group>"; };
		0423391E15F6CAEC00E5AE1A /* update.sample */ = {isa = PBXFileReference; fileEncoding = 4; lastKnownFileType = text.script.sh; path = update.sample; sourceTree = "<group>"; };
		0423391F15F6CAEC00E5AE1A /* index */ = {isa = PBXFileReference; lastKnownFileType = file; path = index; sourceTree = "<group>"; };
		0423392115F6CAEC00E5AE1A /* exclude */ = {isa = PBXFileReference; fileEncoding = 4; lastKnownFileType = text; path = exclude; sourceTree = "<group>"; };
		0423392315F6CAEC00E5AE1A /* HEAD */ = {isa = PBXFileReference; fileEncoding = 4; lastKnownFileType = text; path = HEAD; sourceTree = "<group>"; };
		0423392615F6CAEC00E5AE1A /* master */ = {isa = PBXFileReference; fileEncoding = 4; lastKnownFileType = text; path = master; sourceTree = "<group>"; };
		0423392915F6CAEC00E5AE1A /* compact */ = {isa = PBXFileReference; fileEncoding = 4; lastKnownFileType = text; path = compact; sourceTree = "<group>"; };
		0423392A15F6CAEC00E5AE1A /* develop */ = {isa = PBXFileReference; fileEncoding = 4; lastKnownFileType = text; path = develop; sourceTree = "<group>"; };
		0423392B15F6CAEC00E5AE1A /* master */ = {isa = PBXFileReference; fileEncoding = 4; lastKnownFileType = text; path = master; sourceTree = "<group>"; };
		0423392F15F6CAEC00E5AE1A /* pack-3e5c7a1edab0656a9990d857c53d782a05cd4f36.idx */ = {isa = PBXFileReference; lastKnownFileType = file; path = "pack-3e5c7a1edab0656a9990d857c53d782a05cd4f36.idx"; sourceTree = "<group>"; };
		0423393015F6CAEC00E5AE1A /* pack-3e5c7a1edab0656a9990d857c53d782a05cd4f36.pack */ = {isa = PBXFileReference; lastKnownFileType = file; path = "pack-3e5c7a1edab0656a9990d857c53d782a05cd4f36.pack"; sourceTree = "<group>"; };
		0423393115F6CAEC00E5AE1A /* pack-deeef88f5a9912a21c63ca61af3df7e19dcd8ed4.idx */ = {isa = PBXFileReference; lastKnownFileType = file; path = "pack-deeef88f5a9912a21c63ca61af3df7e19dcd8ed4.idx"; sourceTree = "<group>"; };
		0423393215F6CAEC00E5AE1A /* pack-deeef88f5a9912a21c63ca61af3df7e19dcd8ed4.pack */ = {isa = PBXFileReference; lastKnownFileType = file; path = "pack-deeef88f5a9912a21c63ca61af3df7e19dcd8ed4.pack"; sourceTree = "<group>"; };
		0423393315F6CAEC00E5AE1A /* ORIG_HEAD */ = {isa = PBXFileReference; fileEncoding = 4; lastKnownFileType = text; path = ORIG_HEAD; sourceTree = "<group>"; };
		0423393415F6CAEC00E5AE1A /* packed-refs */ = {isa = PBXFileReference; fileEncoding = 4; lastKnownFileType = text; path = "packed-refs"; sourceTree = "<group>"; };
		0423393715F6CAEC00E5AE1A /* master */ = {isa = PBXFileReference; fileEncoding = 4; lastKnownFileType = text; path = master; sourceTree = "<group>"; };
		0423393A15F6CAEC00E5AE1A /* compact */ = {isa = PBXFileReference; fileEncoding = 4; lastKnownFileType = text; path = compact; sourceTree = "<group>"; };
		0423393B15F6CAEC00E5AE1A /* develop */ = {isa = PBXFileReference; fileEncoding = 4; lastKnownFileType = text; path = develop; sourceTree = "<group>"; };
		0423393C15F6CAEC00E5AE1A /* HEAD */ = {isa = PBXFileReference; fileEncoding = 4; lastKnownFileType = text; path = HEAD; sourceTree = "<group>"; };
		0423393D15F6CAEC00E5AE1A /* master */ = {isa = PBXFileReference; fileEncoding = 4; lastKnownFileType = text; path = master; sourceTree = "<group>"; };
		0423393F15F6CAEC00E5AE1A /* .gitignore */ = {isa = PBXFileReference; fileEncoding = 4; lastKnownFileType = text; path = .gitignore; sourceTree = "<group>"; };
		04233AA615F6CAEC00E5AE1A /* README */ = {isa = PBXFileReference; fileEncoding = 4; lastKnownFileType = text; path = README; sourceTree = "<group>"; };
		04233AA815F6CAEC00E5AE1A /* ofxUI.h */ = {isa = PBXFileReference; fileEncoding = 4; lastKnownFileType = sourcecode.c.h; path = ofxUI.h; sourceTree = "<group>"; };
		04233AA915F6CAEC00E5AE1A /* ofxUI2DPad.h */ = {isa = PBXFileReference; fileEncoding = 4; lastKnownFileType = sourcecode.c.h; path = ofxUI2DPad.h; sourceTree = "<group>"; };
		04233AAA15F6CAEC00E5AE1A /* ofxUIBiLabelSlider.h */ = {isa = PBXFileReference; fileEncoding = 4; lastKnownFileType = sourcecode.c.h; path = ofxUIBiLabelSlider.h; sourceTree = "<group>"; };
		04233AAB15F6CAEC00E5AE1A /* ofxUIButton.h */ = {isa = PBXFileReference; fileEncoding = 4; lastKnownFileType = sourcecode.c.h; path = ofxUIButton.h; sourceTree = "<group>"; };
		04233AAC15F6CAEC00E5AE1A /* ofxUICanvas.h */ = {isa = PBXFileReference; fileEncoding = 4; lastKnownFileType = sourcecode.c.h; path = ofxUICanvas.h; sourceTree = "<group>"; };
		04233AAD15F6CAEC00E5AE1A /* ofxUICircleSlider.h */ = {isa = PBXFileReference; fileEncoding = 4; lastKnownFileType = sourcecode.c.h; path = ofxUICircleSlider.h; sourceTree = "<group>"; };
		04233AAE15F6CAEC00E5AE1A /* ofxUICustomImageButton.h */ = {isa = PBXFileReference; fileEncoding = 4; lastKnownFileType = sourcecode.c.h; path = ofxUICustomImageButton.h; sourceTree = "<group>"; };
		04233AAF15F6CAEC00E5AE1A /* ofxUIDropDownList.h */ = {isa = PBXFileReference; fileEncoding = 4; lastKnownFileType = sourcecode.c.h; path = ofxUIDropDownList.h; sourceTree = "<group>"; };
		04233AB015F6CAEC00E5AE1A /* ofxUIEventArgs.h */ = {isa = PBXFileReference; fileEncoding = 4; lastKnownFileType = sourcecode.c.h; path = ofxUIEventArgs.h; sourceTree = "<group>"; };
		04233AB115F6CAEC00E5AE1A /* ofxUIFPS.h */ = {isa = PBXFileReference; fileEncoding = 4; lastKnownFileType = sourcecode.c.h; path = ofxUIFPS.h; sourceTree = "<group>"; };
		04233AB215F6CAEC00E5AE1A /* ofxUIFPSSlider.h */ = {isa = PBXFileReference; fileEncoding = 4; lastKnownFileType = sourcecode.c.h; path = ofxUIFPSSlider.h; sourceTree = "<group>"; };
		04233AB315F6CAEC00E5AE1A /* ofxUIImage.h */ = {isa = PBXFileReference; fileEncoding = 4; lastKnownFileType = sourcecode.c.h; path = ofxUIImage.h; sourceTree = "<group>"; };
		04233AB415F6CAEC00E5AE1A /* ofxUIImageButton.h */ = {isa = PBXFileReference; fileEncoding = 4; lastKnownFileType = sourcecode.c.h; path = ofxUIImageButton.h; sourceTree = "<group>"; };
		04233AB515F6CAEC00E5AE1A /* ofxUIImageSampler.h */ = {isa = PBXFileReference; fileEncoding = 4; lastKnownFileType = sourcecode.c.h; path = ofxUIImageSampler.h; sourceTree = "<group>"; };
		04233AB615F6CAEC00E5AE1A /* ofxUIImageSlider.h */ = {isa = PBXFileReference; fileEncoding = 4; lastKnownFileType = sourcecode.c.h; path = ofxUIImageSlider.h; sourceTree = "<group>"; };
		04233AB715F6CAEC00E5AE1A /* ofxUIImageToggle.h */ = {isa = PBXFileReference; fileEncoding = 4; lastKnownFileType = sourcecode.c.h; path = ofxUIImageToggle.h; sourceTree = "<group>"; };
		04233AB815F6CAEC00E5AE1A /* ofxUILabel.h */ = {isa = PBXFileReference; fileEncoding = 4; lastKnownFileType = sourcecode.c.h; path = ofxUILabel.h; sourceTree = "<group>"; };
		04233AB915F6CAEC00E5AE1A /* ofxUILabelButton.h */ = {isa = PBXFileReference; fileEncoding = 4; lastKnownFileType = sourcecode.c.h; path = ofxUILabelButton.h; sourceTree = "<group>"; };
		04233ABA15F6CAEC00E5AE1A /* ofxUILabelToggle.h */ = {isa = PBXFileReference; fileEncoding = 4; lastKnownFileType = sourcecode.c.h; path = ofxUILabelToggle.h; sourceTree = "<group>"; };
		04233ABB15F6CAEC00E5AE1A /* ofxUIMinimalSlider.h */ = {isa = PBXFileReference; fileEncoding = 4; lastKnownFileType = sourcecode.c.h; path = ofxUIMinimalSlider.h; sourceTree = "<group>"; };
		04233ABC15F6CAEC00E5AE1A /* ofxUIMovingGraph.h */ = {isa = PBXFileReference; fileEncoding = 4; lastKnownFileType = sourcecode.c.h; path = ofxUIMovingGraph.h; sourceTree = "<group>"; };
		04233ABD15F6CAEC00E5AE1A /* ofxUIMultiImageButton.h */ = {isa = PBXFileReference; fileEncoding = 4; lastKnownFileType = sourcecode.c.h; path = ofxUIMultiImageButton.h; sourceTree = "<group>"; };
		04233ABE15F6CAEC00E5AE1A /* ofxUIMultiImageSlider.h */ = {isa = PBXFileReference; fileEncoding = 4; lastKnownFileType = sourcecode.c.h; path = ofxUIMultiImageSlider.h; sourceTree = "<group>"; };
		04233ABF15F6CAEC00E5AE1A /* ofxUIMultiImageToggle.h */ = {isa = PBXFileReference; fileEncoding = 4; lastKnownFileType = sourcecode.c.h; path = ofxUIMultiImageToggle.h; sourceTree = "<group>"; };
		04233AC015F6CAEC00E5AE1A /* ofxUINumberDialer.h */ = {isa = PBXFileReference; fileEncoding = 4; lastKnownFileType = sourcecode.c.h; path = ofxUINumberDialer.h; sourceTree = "<group>"; };
		04233AC115F6CAEC00E5AE1A /* ofxUIRadio.h */ = {isa = PBXFileReference; fileEncoding = 4; lastKnownFileType = sourcecode.c.h; path = ofxUIRadio.h; sourceTree = "<group>"; };
		04233AC215F6CAEC00E5AE1A /* ofxUIRangeSlider.h */ = {isa = PBXFileReference; fileEncoding = 4; lastKnownFileType = sourcecode.c.h; path = ofxUIRangeSlider.h; sourceTree = "<group>"; };
		04233AC315F6CAEC00E5AE1A /* ofxUIRectangle.h */ = {isa = PBXFileReference; fileEncoding = 4; lastKnownFileType = sourcecode.c.h; path = ofxUIRectangle.h; sourceTree = "<group>"; };
		04233AC415F6CAEC00E5AE1A /* ofxUIRotarySlider.h */ = {isa = PBXFileReference; fileEncoding = 4; lastKnownFileType = sourcecode.c.h; path = ofxUIRotarySlider.h; sourceTree = "<group>"; };
		04233AC515F6CAEC00E5AE1A /* ofxUIScrollableCanvas.h */ = {isa = PBXFileReference; fileEncoding = 4; lastKnownFileType = sourcecode.c.h; path = ofxUIScrollableCanvas.h; sourceTree = "<group>"; };
		04233AC615F6CAEC00E5AE1A /* ofxUISlider.h */ = {isa = PBXFileReference; fileEncoding = 4; lastKnownFileType = sourcecode.c.h; path = ofxUISlider.h; sourceTree = "<group>"; };
		04233AC715F6CAEC00E5AE1A /* ofxUISpacer.h */ = {isa = PBXFileReference; fileEncoding = 4; lastKnownFileType = sourcecode.c.h; path = ofxUISpacer.h; sourceTree = "<group>"; };
		04233AC815F6CAEC00E5AE1A /* ofxUISpectrum.h */ = {isa = PBXFileReference; fileEncoding = 4; lastKnownFileType = sourcecode.c.h; path = ofxUISpectrum.h; sourceTree = "<group>"; };
		04233AC915F6CAEC00E5AE1A /* ofxUITextInput.h */ = {isa = PBXFileReference; fileEncoding = 4; lastKnownFileType = sourcecode.c.h; path = ofxUITextInput.h; sourceTree = "<group>"; };
		04233ACA15F6CAEC00E5AE1A /* ofxUIToggle.h */ = {isa = PBXFileReference; fileEncoding = 4; lastKnownFileType = sourcecode.c.h; path = ofxUIToggle.h; sourceTree = "<group>"; };
		04233ACB15F6CAEC00E5AE1A /* ofxUIToggleMatrix.h */ = {isa = PBXFileReference; fileEncoding = 4; lastKnownFileType = sourcecode.c.h; path = ofxUIToggleMatrix.h; sourceTree = "<group>"; };
		04233ACC15F6CAEC00E5AE1A /* ofxUIWaveform.h */ = {isa = PBXFileReference; fileEncoding = 4; lastKnownFileType = sourcecode.c.h; path = ofxUIWaveform.h; sourceTree = "<group>"; };
		04233ACD15F6CAEC00E5AE1A /* ofxUIWidget.h */ = {isa = PBXFileReference; fileEncoding = 4; lastKnownFileType = sourcecode.c.h; path = ofxUIWidget.h; sourceTree = "<group>"; };
		04233ACE15F6CAEC00E5AE1A /* ofxUIWidgetWithLabel.h */ = {isa = PBXFileReference; fileEncoding = 4; lastKnownFileType = sourcecode.c.h; path = ofxUIWidgetWithLabel.h; sourceTree = "<group>"; };
		044E2A7315F0B2130077B0E6 /* config */ = {isa = PBXFileReference; fileEncoding = 4; lastKnownFileType = text; path = config; sourceTree = "<group>"; };
		044E2A7415F0B2130077B0E6 /* description */ = {isa = PBXFileReference; fileEncoding = 4; lastKnownFileType = text; path = description; sourceTree = "<group>"; };
		044E2A7515F0B2130077B0E6 /* HEAD */ = {isa = PBXFileReference; fileEncoding = 4; lastKnownFileType = text; path = HEAD; sourceTree = "<group>"; };
		044E2A7715F0B2130077B0E6 /* applypatch-msg.sample */ = {isa = PBXFileReference; fileEncoding = 4; lastKnownFileType = text.script.sh; path = "applypatch-msg.sample"; sourceTree = "<group>"; };
		044E2A7815F0B2130077B0E6 /* commit-msg.sample */ = {isa = PBXFileReference; fileEncoding = 4; lastKnownFileType = text.script.sh; path = "commit-msg.sample"; sourceTree = "<group>"; };
		044E2A7915F0B2130077B0E6 /* post-commit.sample */ = {isa = PBXFileReference; fileEncoding = 4; lastKnownFileType = text.script.sh; path = "post-commit.sample"; sourceTree = "<group>"; };
		044E2A7A15F0B2130077B0E6 /* post-receive.sample */ = {isa = PBXFileReference; fileEncoding = 4; lastKnownFileType = text.script.sh; path = "post-receive.sample"; sourceTree = "<group>"; };
		044E2A7B15F0B2130077B0E6 /* post-update.sample */ = {isa = PBXFileReference; fileEncoding = 4; lastKnownFileType = text.script.sh; path = "post-update.sample"; sourceTree = "<group>"; };
		044E2A7C15F0B2130077B0E6 /* pre-applypatch.sample */ = {isa = PBXFileReference; fileEncoding = 4; lastKnownFileType = text.script.sh; path = "pre-applypatch.sample"; sourceTree = "<group>"; };
		044E2A7D15F0B2130077B0E6 /* pre-commit.sample */ = {isa = PBXFileReference; fileEncoding = 4; lastKnownFileType = text.script.sh; path = "pre-commit.sample"; sourceTree = "<group>"; };
		044E2A7E15F0B2130077B0E6 /* pre-rebase.sample */ = {isa = PBXFileReference; fileEncoding = 4; lastKnownFileType = text.script.sh; path = "pre-rebase.sample"; sourceTree = "<group>"; };
		044E2A7F15F0B2130077B0E6 /* prepare-commit-msg.sample */ = {isa = PBXFileReference; fileEncoding = 4; lastKnownFileType = text.script.sh; path = "prepare-commit-msg.sample"; sourceTree = "<group>"; };
		044E2A8015F0B2130077B0E6 /* update.sample */ = {isa = PBXFileReference; fileEncoding = 4; lastKnownFileType = text.script.sh; path = update.sample; sourceTree = "<group>"; };
		044E2A8115F0B2130077B0E6 /* index */ = {isa = PBXFileReference; lastKnownFileType = file; path = index; sourceTree = "<group>"; };
		044E2A8315F0B2130077B0E6 /* exclude */ = {isa = PBXFileReference; fileEncoding = 4; lastKnownFileType = text; path = exclude; sourceTree = "<group>"; };
		044E2A8515F0B2130077B0E6 /* HEAD */ = {isa = PBXFileReference; fileEncoding = 4; lastKnownFileType = text; path = HEAD; sourceTree = "<group>"; };
		044E2A8815F0B2130077B0E6 /* master */ = {isa = PBXFileReference; fileEncoding = 4; lastKnownFileType = text; path = master; sourceTree = "<group>"; };
		044E2A8C15F0B2130077B0E6 /* pack-32c1f84c61a38852880be1563f59bcebb572d31e.idx */ = {isa = PBXFileReference; lastKnownFileType = file; path = "pack-32c1f84c61a38852880be1563f59bcebb572d31e.idx"; sourceTree = "<group>"; };
		044E2A8D15F0B2130077B0E6 /* pack-32c1f84c61a38852880be1563f59bcebb572d31e.pack */ = {isa = PBXFileReference; lastKnownFileType = file; path = "pack-32c1f84c61a38852880be1563f59bcebb572d31e.pack"; sourceTree = "<group>"; };
		044E2A8E15F0B2130077B0E6 /* packed-refs */ = {isa = PBXFileReference; fileEncoding = 4; lastKnownFileType = text; path = "packed-refs"; sourceTree = "<group>"; };
		044E2A9115F0B2130077B0E6 /* master */ = {isa = PBXFileReference; fileEncoding = 4; lastKnownFileType = text; path = master; sourceTree = "<group>"; };
		044E2A9415F0B2130077B0E6 /* HEAD */ = {isa = PBXFileReference; fileEncoding = 4; lastKnownFileType = text; path = HEAD; sourceTree = "<group>"; };
		044E2A9615F0B2130077B0E6 /* install.xml */ = {isa = PBXFileReference; fileEncoding = 4; lastKnownFileType = text.xml; path = install.xml; sourceTree = "<group>"; };
		044E2A9A15F0B2130077B0E6 /* config.h */ = {isa = PBXFileReference; fileEncoding = 4; lastKnownFileType = sourcecode.c.h; path = config.h; sourceTree = "<group>"; };
		044E2A9B15F0B2130077B0E6 /* dump.c */ = {isa = PBXFileReference; fileEncoding = 4; lastKnownFileType = sourcecode.c.c; path = dump.c; sourceTree = "<group>"; };
		044E2A9C15F0B2130077B0E6 /* hashtable.c */ = {isa = PBXFileReference; fileEncoding = 4; lastKnownFileType = sourcecode.c.c; path = hashtable.c; sourceTree = "<group>"; };
		044E2A9D15F0B2130077B0E6 /* hashtable.h */ = {isa = PBXFileReference; fileEncoding = 4; lastKnownFileType = sourcecode.c.h; path = hashtable.h; sourceTree = "<group>"; };
		044E2A9E15F0B2130077B0E6 /* jansson.h */ = {isa = PBXFileReference; fileEncoding = 4; lastKnownFileType = sourcecode.c.h; path = jansson.h; sourceTree = "<group>"; };
		044E2A9F15F0B2130077B0E6 /* jansson_private.h */ = {isa = PBXFileReference; fileEncoding = 4; lastKnownFileType = sourcecode.c.h; path = jansson_private.h; sourceTree = "<group>"; };
		044E2AA015F0B2130077B0E6 /* load.c */ = {isa = PBXFileReference; fileEncoding = 4; lastKnownFileType = sourcecode.c.c; path = load.c; sourceTree = "<group>"; };
		044E2AA115F0B2130077B0E6 /* strbuffer.c */ = {isa = PBXFileReference; fileEncoding = 4; lastKnownFileType = sourcecode.c.c; path = strbuffer.c; sourceTree = "<group>"; };
		044E2AA215F0B2130077B0E6 /* strbuffer.h */ = {isa = PBXFileReference; fileEncoding = 4; lastKnownFileType = sourcecode.c.h; path = strbuffer.h; sourceTree = "<group>"; };
		044E2AA315F0B2130077B0E6 /* utf.c */ = {isa = PBXFileReference; fileEncoding = 4; lastKnownFileType = sourcecode.c.c; path = utf.c; sourceTree = "<group>"; };
		044E2AA415F0B2130077B0E6 /* utf.h */ = {isa = PBXFileReference; fileEncoding = 4; lastKnownFileType = sourcecode.c.h; path = utf.h; sourceTree = "<group>"; };
		044E2AA515F0B2130077B0E6 /* util.h */ = {isa = PBXFileReference; fileEncoding = 4; lastKnownFileType = sourcecode.c.h; path = util.h; sourceTree = "<group>"; };
		044E2AA615F0B2130077B0E6 /* value.c */ = {isa = PBXFileReference; fileEncoding = 4; lastKnownFileType = sourcecode.c.c; path = value.c; sourceTree = "<group>"; };
		044E2AA715F0B2130077B0E6 /* ofxJansson.cpp */ = {isa = PBXFileReference; fileEncoding = 4; lastKnownFileType = sourcecode.cpp.cpp; path = ofxJansson.cpp; sourceTree = "<group>"; };
		044E2AA815F0B2130077B0E6 /* ofxJansson.h */ = {isa = PBXFileReference; fileEncoding = 4; lastKnownFileType = sourcecode.c.h; path = ofxJansson.h; sourceTree = "<group>"; };
		044E2AB215F0B5300077B0E6 /* tinyxml.cpp */ = {isa = PBXFileReference; fileEncoding = 4; lastKnownFileType = sourcecode.cpp.cpp; path = tinyxml.cpp; sourceTree = "<group>"; };
		044E2AB315F0B5300077B0E6 /* tinyxml.h */ = {isa = PBXFileReference; fileEncoding = 4; lastKnownFileType = sourcecode.c.h; path = tinyxml.h; sourceTree = "<group>"; };
		044E2AB415F0B5300077B0E6 /* tinyxmlerror.cpp */ = {isa = PBXFileReference; fileEncoding = 4; lastKnownFileType = sourcecode.cpp.cpp; path = tinyxmlerror.cpp; sourceTree = "<group>"; };
		044E2AB515F0B5300077B0E6 /* tinyxmlparser.cpp */ = {isa = PBXFileReference; fileEncoding = 4; lastKnownFileType = sourcecode.cpp.cpp; path = tinyxmlparser.cpp; sourceTree = "<group>"; };
		044E2AB715F0B5300077B0E6 /* ofxXmlSettings.cpp */ = {isa = PBXFileReference; fileEncoding = 4; lastKnownFileType = sourcecode.cpp.cpp; path = ofxXmlSettings.cpp; sourceTree = "<group>"; };
		044E2AB815F0B5300077B0E6 /* ofxXmlSettings.h */ = {isa = PBXFileReference; fileEncoding = 4; lastKnownFileType = sourcecode.c.h; path = ofxXmlSettings.h; sourceTree = "<group>"; };
		04CAE09715F4E6590073E46D /* data.h */ = {isa = PBXFileReference; fileEncoding = 4; lastKnownFileType = sourcecode.c.h; path = data.h; sourceTree = "<group>"; };
		04CAE09815F4E6690073E46D /* data.cpp */ = {isa = PBXFileReference; fileEncoding = 4; lastKnownFileType = sourcecode.cpp.cpp; path = data.cpp; sourceTree = "<group>"; };
		04CAE09A15F4F5C70073E46D /* defines.h */ = {isa = PBXFileReference; fileEncoding = 4; lastKnownFileType = sourcecode.c.h; path = defines.h; sourceTree = "<group>"; };
		04CAE09B15F5001F0073E46D /* simulator.h */ = {isa = PBXFileReference; fileEncoding = 4; lastKnownFileType = sourcecode.c.h; path = simulator.h; sourceTree = "<group>"; };
		04CAE09C15F5003F0073E46D /* simulator.cpp */ = {isa = PBXFileReference; fileEncoding = 4; lastKnownFileType = sourcecode.cpp.cpp; path = simulator.cpp; sourceTree = "<group>"; };
		04CAE09E15F504FB0073E46D /* flowControl.cpp */ = {isa = PBXFileReference; fileEncoding = 4; lastKnownFileType = sourcecode.cpp.cpp; path = flowControl.cpp; sourceTree = "<group>"; };
		04CAE0A015F5050A0073E46D /* flowControl.h */ = {isa = PBXFileReference; fileEncoding = 4; lastKnownFileType = sourcecode.c.h; path = flowControl.h; sourceTree = "<group>"; };
		04CAE0A415F50CB80073E46D /* README.md */ = {isa = PBXFileReference; fileEncoding = 4; lastKnownFileType = text; path = README.md; sourceTree = "<group>"; };
		04CAE0A515F520590073E46D /* interface.cpp */ = {isa = PBXFileReference; fileEncoding = 4; lastKnownFileType = sourcecode.cpp.cpp; path = interface.cpp; sourceTree = "<group>"; };
		04CAE0A715F520660073E46D /* interface.h */ = {isa = PBXFileReference; fileEncoding = 4; lastKnownFileType = sourcecode.c.h; path = interface.h; sourceTree = "<group>"; };
		BBAB23BE13894E4700AA2426 /* GLUT.framework */ = {isa = PBXFileReference; lastKnownFileType = wrapper.framework; name = GLUT.framework; path = ../../../libs/glut/lib/osx/GLUT.framework; sourceTree = "<group>"; };
		E4328143138ABC890047C5CB /* openFrameworksLib.xcodeproj */ = {isa = PBXFileReference; lastKnownFileType = "wrapper.pb-project"; name = openFrameworksLib.xcodeproj; path = ../../../libs/openFrameworksCompiled/project/osx/openFrameworksLib.xcodeproj; sourceTree = SOURCE_ROOT; };
		E45BE9710E8CC7DD009D7055 /* AGL.framework */ = {isa = PBXFileReference; lastKnownFileType = wrapper.framework; name = AGL.framework; path = /System/Library/Frameworks/AGL.framework; sourceTree = "<absolute>"; };
		E45BE9720E8CC7DD009D7055 /* ApplicationServices.framework */ = {isa = PBXFileReference; lastKnownFileType = wrapper.framework; name = ApplicationServices.framework; path = /System/Library/Frameworks/ApplicationServices.framework; sourceTree = "<absolute>"; };
		E45BE9730E8CC7DD009D7055 /* AudioToolbox.framework */ = {isa = PBXFileReference; lastKnownFileType = wrapper.framework; name = AudioToolbox.framework; path = /System/Library/Frameworks/AudioToolbox.framework; sourceTree = "<absolute>"; };
		E45BE9740E8CC7DD009D7055 /* Carbon.framework */ = {isa = PBXFileReference; lastKnownFileType = wrapper.framework; name = Carbon.framework; path = /System/Library/Frameworks/Carbon.framework; sourceTree = "<absolute>"; };
		E45BE9750E8CC7DD009D7055 /* CoreAudio.framework */ = {isa = PBXFileReference; lastKnownFileType = wrapper.framework; name = CoreAudio.framework; path = /System/Library/Frameworks/CoreAudio.framework; sourceTree = "<absolute>"; };
		E45BE9760E8CC7DD009D7055 /* CoreFoundation.framework */ = {isa = PBXFileReference; lastKnownFileType = wrapper.framework; name = CoreFoundation.framework; path = /System/Library/Frameworks/CoreFoundation.framework; sourceTree = "<absolute>"; };
		E45BE9770E8CC7DD009D7055 /* CoreServices.framework */ = {isa = PBXFileReference; lastKnownFileType = wrapper.framework; name = CoreServices.framework; path = /System/Library/Frameworks/CoreServices.framework; sourceTree = "<absolute>"; };
		E45BE9790E8CC7DD009D7055 /* OpenGL.framework */ = {isa = PBXFileReference; lastKnownFileType = wrapper.framework; name = OpenGL.framework; path = /System/Library/Frameworks/OpenGL.framework; sourceTree = "<absolute>"; };
		E45BE97A0E8CC7DD009D7055 /* QuickTime.framework */ = {isa = PBXFileReference; lastKnownFileType = wrapper.framework; name = QuickTime.framework; path = /System/Library/Frameworks/QuickTime.framework; sourceTree = "<absolute>"; };
		E4B69B5B0A3A1756003C02F2 /* chaosFlowDebug.app */ = {isa = PBXFileReference; explicitFileType = wrapper.application; includeInIndex = 0; path = chaosFlowDebug.app; sourceTree = BUILT_PRODUCTS_DIR; };
		E4B69E1D0A3A1BDC003C02F2 /* main.cpp */ = {isa = PBXFileReference; fileEncoding = 30; lastKnownFileType = sourcecode.cpp.cpp; name = main.cpp; path = src/main.cpp; sourceTree = SOURCE_ROOT; };
		E4B69E1E0A3A1BDC003C02F2 /* testApp.cpp */ = {isa = PBXFileReference; explicitFileType = sourcecode.cpp.cpp; fileEncoding = 30; name = testApp.cpp; path = src/testApp.cpp; sourceTree = SOURCE_ROOT; };
		E4B69E1F0A3A1BDC003C02F2 /* testApp.h */ = {isa = PBXFileReference; fileEncoding = 30; lastKnownFileType = sourcecode.c.h; name = testApp.h; path = src/testApp.h; sourceTree = SOURCE_ROOT; };
		E4B6FCAD0C3E899E008CF71C /* openFrameworks-Info.plist */ = {isa = PBXFileReference; fileEncoding = 30; lastKnownFileType = text.plist.xml; path = "openFrameworks-Info.plist"; sourceTree = "<group>"; };
		E4C2424410CC5A17004149E2 /* AppKit.framework */ = {isa = PBXFileReference; lastKnownFileType = wrapper.framework; name = AppKit.framework; path = /System/Library/Frameworks/AppKit.framework; sourceTree = "<absolute>"; };
		E4C2424510CC5A17004149E2 /* Cocoa.framework */ = {isa = PBXFileReference; lastKnownFileType = wrapper.framework; name = Cocoa.framework; path = /System/Library/Frameworks/Cocoa.framework; sourceTree = "<absolute>"; };
		E4C2424610CC5A17004149E2 /* IOKit.framework */ = {isa = PBXFileReference; lastKnownFileType = wrapper.framework; name = IOKit.framework; path = /System/Library/Frameworks/IOKit.framework; sourceTree = "<absolute>"; };
		E4EB691F138AFCF100A09F29 /* CoreOF.xcconfig */ = {isa = PBXFileReference; fileEncoding = 4; lastKnownFileType = text.xcconfig; name = CoreOF.xcconfig; path = ../../../libs/openFrameworksCompiled/project/osx/CoreOF.xcconfig; sourceTree = SOURCE_ROOT; };
		E4EB6923138AFD0F00A09F29 /* Project.xcconfig */ = {isa = PBXFileReference; fileEncoding = 4; lastKnownFileType = text.xcconfig; path = Project.xcconfig; sourceTree = "<group>"; };
/* End PBXFileReference section */

/* Begin PBXFrameworksBuildPhase section */
		E4B69B590A3A1756003C02F2 /* Frameworks */ = {
			isa = PBXFrameworksBuildPhase;
			buildActionMask = 2147483647;
			files = (
				E4EB6799138ADC1D00A09F29 /* GLUT.framework in Frameworks */,
				E4328149138ABC9F0047C5CB /* openFrameworksDebug.a in Frameworks */,
				E45BE97B0E8CC7DD009D7055 /* AGL.framework in Frameworks */,
				E45BE97C0E8CC7DD009D7055 /* ApplicationServices.framework in Frameworks */,
				E45BE97D0E8CC7DD009D7055 /* AudioToolbox.framework in Frameworks */,
				E45BE97E0E8CC7DD009D7055 /* Carbon.framework in Frameworks */,
				E45BE97F0E8CC7DD009D7055 /* CoreAudio.framework in Frameworks */,
				E45BE9800E8CC7DD009D7055 /* CoreFoundation.framework in Frameworks */,
				E45BE9810E8CC7DD009D7055 /* CoreServices.framework in Frameworks */,
				E45BE9830E8CC7DD009D7055 /* OpenGL.framework in Frameworks */,
				E45BE9840E8CC7DD009D7055 /* QuickTime.framework in Frameworks */,
				E4C2424710CC5A17004149E2 /* AppKit.framework in Frameworks */,
				E4C2424810CC5A17004149E2 /* Cocoa.framework in Frameworks */,
				E4C2424910CC5A17004149E2 /* IOKit.framework in Frameworks */,
			);
			runOnlyForDeploymentPostprocessing = 0;
		};
/* End PBXFrameworksBuildPhase section */

/* Begin PBXGroup section */
		042338EE15F691BC00E5AE1A /* MSAInterpolator */ = {
			isa = PBXGroup;
			children = (
				042338EF15F691BC00E5AE1A /* changelog.txt */,
				042338F215F691BC00E5AE1A /* install.xml */,
				042338F315F691BC00E5AE1A /* LICENSE.txt */,
				042338F415F691BC00E5AE1A /* src */,
			);
			name = MSAInterpolator;
			path = ../../../addons/MSAInterpolator;
			sourceTree = "<group>";
		};
		042338F415F691BC00E5AE1A /* src */ = {
			isa = PBXGroup;
			children = (
				042338F515F691BC00E5AE1A /* MSAInterpolationTypes.h */,
				042338F615F691BC00E5AE1A /* MSAInterpolator.h */,
				042338F715F691BC00E5AE1A /* MSAInterpolator1D.h */,
				042338F815F691BC00E5AE1A /* MSAInterpolator2D.h */,
				042338F915F691BC00E5AE1A /* MSAInterpolator3D.h */,
				042338FA15F691BC00E5AE1A /* MSAInterpolatorT.h */,
			);
			path = src;
			sourceTree = "<group>";
		};
		042338FB15F69DFC00E5AE1A /* MSACore */ = {
			isa = PBXGroup;
			children = (
				042338FC15F69DFC00E5AE1A /* install.xml */,
				042338FD15F69DFC00E5AE1A /* src */,
			);
			name = MSACore;
			path = ../../../addons/MSACore;
			sourceTree = "<group>";
		};
		042338FD15F69DFC00E5AE1A /* src */ = {
			isa = PBXGroup;
			children = (
				042338FE15F69DFC00E5AE1A /* cinder-lite */,
				0423390415F69DFC00E5AE1A /* MSACore-Cinder.h */,
				0423390515F69DFC00E5AE1A /* MSACore-OF.h */,
				0423390615F69DFC00E5AE1A /* MSACore.h */,
				0423390715F69DFC00E5AE1A /* MSACoreCommon.h */,
				0423390815F69DFC00E5AE1A /* MSACoreGL.cpp */,
				0423390915F69DFC00E5AE1A /* MSACoreGL.h */,
				0423390A15F69DFC00E5AE1A /* MSACoreMath.h */,
			);
			path = src;
			sourceTree = "<group>";
		};
		042338FE15F69DFC00E5AE1A /* cinder-lite */ = {
			isa = PBXGroup;
			children = (
				042338FF15F69DFC00E5AE1A /* ChanTraits.h */,
				0423390015F69DFC00E5AE1A /* CinderMath.h */,
				0423390115F69DFC00E5AE1A /* Color.cpp */,
				0423390215F69DFC00E5AE1A /* Color.h */,
				0423390315F69DFC00E5AE1A /* Vector.h */,
			);
			path = "cinder-lite";
			sourceTree = "<group>";
		};
		0423390D15F6CAEC00E5AE1A /* ofxUI */ = {
			isa = PBXGroup;
			children = (
				0423390E15F6CAEC00E5AE1A /* .git */,
				0423393F15F6CAEC00E5AE1A /* .gitignore */,
				04233AA615F6CAEC00E5AE1A /* README */,
				04233AA715F6CAEC00E5AE1A /* src */,
			);
			name = ofxUI;
			path = ../../../addons/ofxUI;
			sourceTree = "<group>";
		};
		0423390E15F6CAEC00E5AE1A /* .git */ = {
			isa = PBXGroup;
			children = (
				0423390F15F6CAEC00E5AE1A /* branches */,
				0423391015F6CAEC00E5AE1A /* config */,
				0423391115F6CAEC00E5AE1A /* description */,
				0423391215F6CAEC00E5AE1A /* FETCH_HEAD */,
				0423391315F6CAEC00E5AE1A /* HEAD */,
				0423391415F6CAEC00E5AE1A /* hooks */,
				0423391F15F6CAEC00E5AE1A /* index */,
				0423392015F6CAEC00E5AE1A /* info */,
				0423392215F6CAEC00E5AE1A /* logs */,
				0423392C15F6CAEC00E5AE1A /* objects */,
				0423393315F6CAEC00E5AE1A /* ORIG_HEAD */,
				0423393415F6CAEC00E5AE1A /* packed-refs */,
				0423393515F6CAEC00E5AE1A /* refs */,
			);
			path = .git;
			sourceTree = "<group>";
		};
		0423390F15F6CAEC00E5AE1A /* branches */ = {
			isa = PBXGroup;
			children = (
			);
			path = branches;
			sourceTree = "<group>";
		};
		0423391415F6CAEC00E5AE1A /* hooks */ = {
			isa = PBXGroup;
			children = (
				0423391515F6CAEC00E5AE1A /* applypatch-msg.sample */,
				0423391615F6CAEC00E5AE1A /* commit-msg.sample */,
				0423391715F6CAEC00E5AE1A /* post-commit.sample */,
				0423391815F6CAEC00E5AE1A /* post-receive.sample */,
				0423391915F6CAEC00E5AE1A /* post-update.sample */,
				0423391A15F6CAEC00E5AE1A /* pre-applypatch.sample */,
				0423391B15F6CAEC00E5AE1A /* pre-commit.sample */,
				0423391C15F6CAEC00E5AE1A /* pre-rebase.sample */,
				0423391D15F6CAEC00E5AE1A /* prepare-commit-msg.sample */,
				0423391E15F6CAEC00E5AE1A /* update.sample */,
			);
			path = hooks;
			sourceTree = "<group>";
		};
		0423392015F6CAEC00E5AE1A /* info */ = {
			isa = PBXGroup;
			children = (
				0423392115F6CAEC00E5AE1A /* exclude */,
			);
			path = info;
			sourceTree = "<group>";
		};
		0423392215F6CAEC00E5AE1A /* logs */ = {
			isa = PBXGroup;
			children = (
				0423392315F6CAEC00E5AE1A /* HEAD */,
				0423392415F6CAEC00E5AE1A /* refs */,
			);
			path = logs;
			sourceTree = "<group>";
		};
		0423392415F6CAEC00E5AE1A /* refs */ = {
			isa = PBXGroup;
			children = (
				0423392515F6CAEC00E5AE1A /* heads */,
				0423392715F6CAEC00E5AE1A /* remotes */,
			);
			path = refs;
			sourceTree = "<group>";
		};
		0423392515F6CAEC00E5AE1A /* heads */ = {
			isa = PBXGroup;
			children = (
				0423392615F6CAEC00E5AE1A /* master */,
			);
			path = heads;
			sourceTree = "<group>";
		};
		0423392715F6CAEC00E5AE1A /* remotes */ = {
			isa = PBXGroup;
			children = (
				0423392815F6CAEC00E5AE1A /* origin */,
			);
			path = remotes;
			sourceTree = "<group>";
		};
		0423392815F6CAEC00E5AE1A /* origin */ = {
			isa = PBXGroup;
			children = (
				0423392915F6CAEC00E5AE1A /* compact */,
				0423392A15F6CAEC00E5AE1A /* develop */,
				0423392B15F6CAEC00E5AE1A /* master */,
			);
			path = origin;
			sourceTree = "<group>";
		};
		0423392C15F6CAEC00E5AE1A /* objects */ = {
			isa = PBXGroup;
			children = (
				0423392D15F6CAEC00E5AE1A /* info */,
				0423392E15F6CAEC00E5AE1A /* pack */,
			);
			path = objects;
			sourceTree = "<group>";
		};
		0423392D15F6CAEC00E5AE1A /* info */ = {
			isa = PBXGroup;
			children = (
			);
			path = info;
			sourceTree = "<group>";
		};
		0423392E15F6CAEC00E5AE1A /* pack */ = {
			isa = PBXGroup;
			children = (
				0423392F15F6CAEC00E5AE1A /* pack-3e5c7a1edab0656a9990d857c53d782a05cd4f36.idx */,
				0423393015F6CAEC00E5AE1A /* pack-3e5c7a1edab0656a9990d857c53d782a05cd4f36.pack */,
				0423393115F6CAEC00E5AE1A /* pack-deeef88f5a9912a21c63ca61af3df7e19dcd8ed4.idx */,
				0423393215F6CAEC00E5AE1A /* pack-deeef88f5a9912a21c63ca61af3df7e19dcd8ed4.pack */,
			);
			path = pack;
			sourceTree = "<group>";
		};
		0423393515F6CAEC00E5AE1A /* refs */ = {
			isa = PBXGroup;
			children = (
				0423393615F6CAEC00E5AE1A /* heads */,
				0423393815F6CAEC00E5AE1A /* remotes */,
				0423393E15F6CAEC00E5AE1A /* tags */,
			);
			path = refs;
			sourceTree = "<group>";
		};
		0423393615F6CAEC00E5AE1A /* heads */ = {
			isa = PBXGroup;
			children = (
				0423393715F6CAEC00E5AE1A /* master */,
			);
			path = heads;
			sourceTree = "<group>";
		};
		0423393815F6CAEC00E5AE1A /* remotes */ = {
			isa = PBXGroup;
			children = (
				0423393915F6CAEC00E5AE1A /* origin */,
			);
			path = remotes;
			sourceTree = "<group>";
		};
		0423393915F6CAEC00E5AE1A /* origin */ = {
			isa = PBXGroup;
			children = (
				0423393A15F6CAEC00E5AE1A /* compact */,
				0423393B15F6CAEC00E5AE1A /* develop */,
				0423393C15F6CAEC00E5AE1A /* HEAD */,
				0423393D15F6CAEC00E5AE1A /* master */,
			);
			path = origin;
			sourceTree = "<group>";
		};
		0423393E15F6CAEC00E5AE1A /* tags */ = {
			isa = PBXGroup;
			children = (
			);
			path = tags;
			sourceTree = "<group>";
		};
		04233AA715F6CAEC00E5AE1A /* src */ = {
			isa = PBXGroup;
			children = (
				04233AA815F6CAEC00E5AE1A /* ofxUI.h */,
				04233AA915F6CAEC00E5AE1A /* ofxUI2DPad.h */,
				04233AAA15F6CAEC00E5AE1A /* ofxUIBiLabelSlider.h */,
				04233AAB15F6CAEC00E5AE1A /* ofxUIButton.h */,
				04233AAC15F6CAEC00E5AE1A /* ofxUICanvas.h */,
				04233AAD15F6CAEC00E5AE1A /* ofxUICircleSlider.h */,
				04233AAE15F6CAEC00E5AE1A /* ofxUICustomImageButton.h */,
				04233AAF15F6CAEC00E5AE1A /* ofxUIDropDownList.h */,
				04233AB015F6CAEC00E5AE1A /* ofxUIEventArgs.h */,
				04233AB115F6CAEC00E5AE1A /* ofxUIFPS.h */,
				04233AB215F6CAEC00E5AE1A /* ofxUIFPSSlider.h */,
				04233AB315F6CAEC00E5AE1A /* ofxUIImage.h */,
				04233AB415F6CAEC00E5AE1A /* ofxUIImageButton.h */,
				04233AB515F6CAEC00E5AE1A /* ofxUIImageSampler.h */,
				04233AB615F6CAEC00E5AE1A /* ofxUIImageSlider.h */,
				04233AB715F6CAEC00E5AE1A /* ofxUIImageToggle.h */,
				04233AB815F6CAEC00E5AE1A /* ofxUILabel.h */,
				04233AB915F6CAEC00E5AE1A /* ofxUILabelButton.h */,
				04233ABA15F6CAEC00E5AE1A /* ofxUILabelToggle.h */,
				04233ABB15F6CAEC00E5AE1A /* ofxUIMinimalSlider.h */,
				04233ABC15F6CAEC00E5AE1A /* ofxUIMovingGraph.h */,
				04233ABD15F6CAEC00E5AE1A /* ofxUIMultiImageButton.h */,
				04233ABE15F6CAEC00E5AE1A /* ofxUIMultiImageSlider.h */,
				04233ABF15F6CAEC00E5AE1A /* ofxUIMultiImageToggle.h */,
				04233AC015F6CAEC00E5AE1A /* ofxUINumberDialer.h */,
				04233AC115F6CAEC00E5AE1A /* ofxUIRadio.h */,
				04233AC215F6CAEC00E5AE1A /* ofxUIRangeSlider.h */,
				04233AC315F6CAEC00E5AE1A /* ofxUIRectangle.h */,
				04233AC415F6CAEC00E5AE1A /* ofxUIRotarySlider.h */,
				04233AC515F6CAEC00E5AE1A /* ofxUIScrollableCanvas.h */,
				04233AC615F6CAEC00E5AE1A /* ofxUISlider.h */,
				04233AC715F6CAEC00E5AE1A /* ofxUISpacer.h */,
				04233AC815F6CAEC00E5AE1A /* ofxUISpectrum.h */,
				04233AC915F6CAEC00E5AE1A /* ofxUITextInput.h */,
				04233ACA15F6CAEC00E5AE1A /* ofxUIToggle.h */,
				04233ACB15F6CAEC00E5AE1A /* ofxUIToggleMatrix.h */,
				04233ACC15F6CAEC00E5AE1A /* ofxUIWaveform.h */,
				04233ACD15F6CAEC00E5AE1A /* ofxUIWidget.h */,
				04233ACE15F6CAEC00E5AE1A /* ofxUIWidgetWithLabel.h */,
			);
			path = src;
			sourceTree = "<group>";
		};
		044E2A7015F0B2130077B0E6 /* ofxJansson */ = {
			isa = PBXGroup;
			children = (
				044E2A7115F0B2130077B0E6 /* .git */,
				044E2A9615F0B2130077B0E6 /* install.xml */,
				044E2A9715F0B2130077B0E6 /* src */,
			);
			name = ofxJansson;
			path = ../../../addons/ofxJansson;
			sourceTree = "<group>";
		};
		044E2A7115F0B2130077B0E6 /* .git */ = {
			isa = PBXGroup;
			children = (
				044E2A7215F0B2130077B0E6 /* branches */,
				044E2A7315F0B2130077B0E6 /* config */,
				044E2A7415F0B2130077B0E6 /* description */,
				044E2A7515F0B2130077B0E6 /* HEAD */,
				044E2A7615F0B2130077B0E6 /* hooks */,
				044E2A8115F0B2130077B0E6 /* index */,
				044E2A8215F0B2130077B0E6 /* info */,
				044E2A8415F0B2130077B0E6 /* logs */,
				044E2A8915F0B2130077B0E6 /* objects */,
				044E2A8E15F0B2130077B0E6 /* packed-refs */,
				044E2A8F15F0B2130077B0E6 /* refs */,
			);
			path = .git;
			sourceTree = "<group>";
		};
		044E2A7215F0B2130077B0E6 /* branches */ = {
			isa = PBXGroup;
			children = (
			);
			path = branches;
			sourceTree = "<group>";
		};
		044E2A7615F0B2130077B0E6 /* hooks */ = {
			isa = PBXGroup;
			children = (
				044E2A7715F0B2130077B0E6 /* applypatch-msg.sample */,
				044E2A7815F0B2130077B0E6 /* commit-msg.sample */,
				044E2A7915F0B2130077B0E6 /* post-commit.sample */,
				044E2A7A15F0B2130077B0E6 /* post-receive.sample */,
				044E2A7B15F0B2130077B0E6 /* post-update.sample */,
				044E2A7C15F0B2130077B0E6 /* pre-applypatch.sample */,
				044E2A7D15F0B2130077B0E6 /* pre-commit.sample */,
				044E2A7E15F0B2130077B0E6 /* pre-rebase.sample */,
				044E2A7F15F0B2130077B0E6 /* prepare-commit-msg.sample */,
				044E2A8015F0B2130077B0E6 /* update.sample */,
			);
			path = hooks;
			sourceTree = "<group>";
		};
		044E2A8215F0B2130077B0E6 /* info */ = {
			isa = PBXGroup;
			children = (
				044E2A8315F0B2130077B0E6 /* exclude */,
			);
			path = info;
			sourceTree = "<group>";
		};
		044E2A8415F0B2130077B0E6 /* logs */ = {
			isa = PBXGroup;
			children = (
				044E2A8515F0B2130077B0E6 /* HEAD */,
				044E2A8615F0B2130077B0E6 /* refs */,
			);
			path = logs;
			sourceTree = "<group>";
		};
		044E2A8615F0B2130077B0E6 /* refs */ = {
			isa = PBXGroup;
			children = (
				044E2A8715F0B2130077B0E6 /* heads */,
			);
			path = refs;
			sourceTree = "<group>";
		};
		044E2A8715F0B2130077B0E6 /* heads */ = {
			isa = PBXGroup;
			children = (
				044E2A8815F0B2130077B0E6 /* master */,
			);
			path = heads;
			sourceTree = "<group>";
		};
		044E2A8915F0B2130077B0E6 /* objects */ = {
			isa = PBXGroup;
			children = (
				044E2A8A15F0B2130077B0E6 /* info */,
				044E2A8B15F0B2130077B0E6 /* pack */,
			);
			path = objects;
			sourceTree = "<group>";
		};
		044E2A8A15F0B2130077B0E6 /* info */ = {
			isa = PBXGroup;
			children = (
			);
			path = info;
			sourceTree = "<group>";
		};
		044E2A8B15F0B2130077B0E6 /* pack */ = {
			isa = PBXGroup;
			children = (
				044E2A8C15F0B2130077B0E6 /* pack-32c1f84c61a38852880be1563f59bcebb572d31e.idx */,
				044E2A8D15F0B2130077B0E6 /* pack-32c1f84c61a38852880be1563f59bcebb572d31e.pack */,
			);
			path = pack;
			sourceTree = "<group>";
		};
		044E2A8F15F0B2130077B0E6 /* refs */ = {
			isa = PBXGroup;
			children = (
				044E2A9015F0B2130077B0E6 /* heads */,
				044E2A9215F0B2130077B0E6 /* remotes */,
				044E2A9515F0B2130077B0E6 /* tags */,
			);
			path = refs;
			sourceTree = "<group>";
		};
		044E2A9015F0B2130077B0E6 /* heads */ = {
			isa = PBXGroup;
			children = (
				044E2A9115F0B2130077B0E6 /* master */,
			);
			path = heads;
			sourceTree = "<group>";
		};
		044E2A9215F0B2130077B0E6 /* remotes */ = {
			isa = PBXGroup;
			children = (
				044E2A9315F0B2130077B0E6 /* origin */,
			);
			path = remotes;
			sourceTree = "<group>";
		};
		044E2A9315F0B2130077B0E6 /* origin */ = {
			isa = PBXGroup;
			children = (
				044E2A9415F0B2130077B0E6 /* HEAD */,
			);
			path = origin;
			sourceTree = "<group>";
		};
		044E2A9515F0B2130077B0E6 /* tags */ = {
			isa = PBXGroup;
			children = (
			);
			path = tags;
			sourceTree = "<group>";
		};
		044E2A9715F0B2130077B0E6 /* src */ = {
			isa = PBXGroup;
			children = (
				044E2A9815F0B2130077B0E6 /* lib */,
				044E2AA715F0B2130077B0E6 /* ofxJansson.cpp */,
				044E2AA815F0B2130077B0E6 /* ofxJansson.h */,
			);
			path = src;
			sourceTree = "<group>";
		};
		044E2A9815F0B2130077B0E6 /* lib */ = {
			isa = PBXGroup;
			children = (
				044E2A9915F0B2130077B0E6 /* jansson */,
			);
			path = lib;
			sourceTree = "<group>";
		};
		044E2A9915F0B2130077B0E6 /* jansson */ = {
			isa = PBXGroup;
			children = (
				044E2A9A15F0B2130077B0E6 /* config.h */,
				044E2A9B15F0B2130077B0E6 /* dump.c */,
				044E2A9C15F0B2130077B0E6 /* hashtable.c */,
				044E2A9D15F0B2130077B0E6 /* hashtable.h */,
				044E2A9E15F0B2130077B0E6 /* jansson.h */,
				044E2A9F15F0B2130077B0E6 /* jansson_private.h */,
				044E2AA015F0B2130077B0E6 /* load.c */,
				044E2AA115F0B2130077B0E6 /* strbuffer.c */,
				044E2AA215F0B2130077B0E6 /* strbuffer.h */,
				044E2AA315F0B2130077B0E6 /* utf.c */,
				044E2AA415F0B2130077B0E6 /* utf.h */,
				044E2AA515F0B2130077B0E6 /* util.h */,
				044E2AA615F0B2130077B0E6 /* value.c */,
			);
			path = jansson;
			sourceTree = "<group>";
		};
		044E2AB015F0B5300077B0E6 /* ofxXmlSettings */ = {
			isa = PBXGroup;
			children = (
				044E2AB115F0B5300077B0E6 /* libs */,
				044E2AB615F0B5300077B0E6 /* src */,
			);
			name = ofxXmlSettings;
			path = ../../../addons/ofxXmlSettings;
			sourceTree = "<group>";
		};
		044E2AB115F0B5300077B0E6 /* libs */ = {
			isa = PBXGroup;
			children = (
				044E2AB215F0B5300077B0E6 /* tinyxml.cpp */,
				044E2AB315F0B5300077B0E6 /* tinyxml.h */,
				044E2AB415F0B5300077B0E6 /* tinyxmlerror.cpp */,
				044E2AB515F0B5300077B0E6 /* tinyxmlparser.cpp */,
			);
			path = libs;
			sourceTree = "<group>";
		};
		044E2AB615F0B5300077B0E6 /* src */ = {
			isa = PBXGroup;
			children = (
				044E2AB715F0B5300077B0E6 /* ofxXmlSettings.cpp */,
				044E2AB815F0B5300077B0E6 /* ofxXmlSettings.h */,
			);
			path = src;
			sourceTree = "<group>";
		};
		BB4B014C10F69532006C3DED /* addons */ = {
			isa = PBXGroup;
			children = (
				0423390D15F6CAEC00E5AE1A /* ofxUI */,
				042338FB15F69DFC00E5AE1A /* MSACore */,
				042338EE15F691BC00E5AE1A /* MSAInterpolator */,
				044E2AB015F0B5300077B0E6 /* ofxXmlSettings */,
				044E2A7015F0B2130077B0E6 /* ofxJansson */,
			);
			name = addons;
			sourceTree = "<group>";
		};
		BBAB23C913894ECA00AA2426 /* system frameworks */ = {
			isa = PBXGroup;
			children = (
				E4C2424410CC5A17004149E2 /* AppKit.framework */,
				E4C2424510CC5A17004149E2 /* Cocoa.framework */,
				E4C2424610CC5A17004149E2 /* IOKit.framework */,
				E45BE9710E8CC7DD009D7055 /* AGL.framework */,
				E45BE9720E8CC7DD009D7055 /* ApplicationServices.framework */,
				E45BE9730E8CC7DD009D7055 /* AudioToolbox.framework */,
				E45BE9740E8CC7DD009D7055 /* Carbon.framework */,
				E45BE9750E8CC7DD009D7055 /* CoreAudio.framework */,
				E45BE9760E8CC7DD009D7055 /* CoreFoundation.framework */,
				E45BE9770E8CC7DD009D7055 /* CoreServices.framework */,
				E45BE9790E8CC7DD009D7055 /* OpenGL.framework */,
				E45BE97A0E8CC7DD009D7055 /* QuickTime.framework */,
			);
			name = "system frameworks";
			sourceTree = "<group>";
		};
		BBAB23CA13894EDB00AA2426 /* 3rd party frameworks */ = {
			isa = PBXGroup;
			children = (
				BBAB23BE13894E4700AA2426 /* GLUT.framework */,
			);
			name = "3rd party frameworks";
			sourceTree = "<group>";
		};
		E4328144138ABC890047C5CB /* Products */ = {
			isa = PBXGroup;
			children = (
				E4328148138ABC890047C5CB /* openFrameworksDebug.a */,
			);
			name = Products;
			sourceTree = "<group>";
		};
		E45BE5980E8CC70C009D7055 /* frameworks */ = {
			isa = PBXGroup;
			children = (
				BBAB23CA13894EDB00AA2426 /* 3rd party frameworks */,
				BBAB23C913894ECA00AA2426 /* system frameworks */,
			);
			name = frameworks;
			sourceTree = "<group>";
		};
		E4B69B4A0A3A1720003C02F2 = {
			isa = PBXGroup;
			children = (
				04CAE0A415F50CB80073E46D /* README.md */,
				E4B6FCAD0C3E899E008CF71C /* openFrameworks-Info.plist */,
				E4EB6923138AFD0F00A09F29 /* Project.xcconfig */,
				E4B69E1C0A3A1BDC003C02F2 /* src */,
				E4EEC9E9138DF44700A80321 /* openFrameworks */,
				BB4B014C10F69532006C3DED /* addons */,
				E45BE5980E8CC70C009D7055 /* frameworks */,
				E4B69B5B0A3A1756003C02F2 /* chaosFlowDebug.app */,
			);
			sourceTree = "<group>";
		};
		E4B69E1C0A3A1BDC003C02F2 /* src */ = {
			isa = PBXGroup;
			children = (
				E4B69E1D0A3A1BDC003C02F2 /* main.cpp */,
				E4B69E1E0A3A1BDC003C02F2 /* testApp.cpp */,
				E4B69E1F0A3A1BDC003C02F2 /* testApp.h */,
				04CAE09715F4E6590073E46D /* data.h */,
				04CAE09815F4E6690073E46D /* data.cpp */,
				04CAE09A15F4F5C70073E46D /* defines.h */,
				04CAE09B15F5001F0073E46D /* simulator.h */,
				04CAE09C15F5003F0073E46D /* simulator.cpp */,
				04CAE09E15F504FB0073E46D /* flowControl.cpp */,
				04CAE0A015F5050A0073E46D /* flowControl.h */,
				04CAE0A515F520590073E46D /* interface.cpp */,
				04CAE0A715F520660073E46D /* interface.h */,
			);
			path = src;
			sourceTree = SOURCE_ROOT;
		};
		E4EEC9E9138DF44700A80321 /* openFrameworks */ = {
			isa = PBXGroup;
			children = (
				E4EB691F138AFCF100A09F29 /* CoreOF.xcconfig */,
				E4328143138ABC890047C5CB /* openFrameworksLib.xcodeproj */,
			);
			name = openFrameworks;
			sourceTree = "<group>";
		};
/* End PBXGroup section */

/* Begin PBXNativeTarget section */
		E4B69B5A0A3A1756003C02F2 /* chaosFlow */ = {
			isa = PBXNativeTarget;
			buildConfigurationList = E4B69B5F0A3A1757003C02F2 /* Build configuration list for PBXNativeTarget "chaosFlow" */;
			buildPhases = (
				E4B69B580A3A1756003C02F2 /* Sources */,
				E4B69B590A3A1756003C02F2 /* Frameworks */,
				E4B6FFFD0C3F9AB9008CF71C /* ShellScript */,
				E4C2427710CC5ABF004149E2 /* CopyFiles */,
			);
			buildRules = (
			);
			dependencies = (
				E4EEB9AC138B136A00A80321 /* PBXTargetDependency */,
			);
			name = chaosFlow;
			productName = myOFApp;
			productReference = E4B69B5B0A3A1756003C02F2 /* chaosFlowDebug.app */;
			productType = "com.apple.product-type.application";
		};
/* End PBXNativeTarget section */

/* Begin PBXProject section */
		E4B69B4C0A3A1720003C02F2 /* Project object */ = {
			isa = PBXProject;
			buildConfigurationList = E4B69B4D0A3A1720003C02F2 /* Build configuration list for PBXProject "chaosFlow" */;
			compatibilityVersion = "Xcode 2.4";
			developmentRegion = English;
			hasScannedForEncodings = 0;
			knownRegions = (
				English,
				Japanese,
				French,
				German,
			);
			mainGroup = E4B69B4A0A3A1720003C02F2;
			productRefGroup = E4B69B4A0A3A1720003C02F2;
			projectDirPath = "";
			projectReferences = (
				{
					ProductGroup = E4328144138ABC890047C5CB /* Products */;
					ProjectRef = E4328143138ABC890047C5CB /* openFrameworksLib.xcodeproj */;
				},
			);
			projectRoot = "";
			targets = (
				E4B69B5A0A3A1756003C02F2 /* chaosFlow */,
			);
		};
/* End PBXProject section */

/* Begin PBXReferenceProxy section */
		E4328148138ABC890047C5CB /* openFrameworksDebug.a */ = {
			isa = PBXReferenceProxy;
			fileType = archive.ar;
			path = openFrameworksDebug.a;
			remoteRef = E4328147138ABC890047C5CB /* PBXContainerItemProxy */;
			sourceTree = BUILT_PRODUCTS_DIR;
		};
/* End PBXReferenceProxy section */

/* Begin PBXShellScriptBuildPhase section */
		E4B6FFFD0C3F9AB9008CF71C /* ShellScript */ = {
			isa = PBXShellScriptBuildPhase;
			buildActionMask = 2147483647;
			files = (
			);
			inputPaths = (
			);
			outputPaths = (
			);
			runOnlyForDeploymentPostprocessing = 0;
			shellPath = /bin/sh;
			shellScript = "cp -f ../../../libs/fmodex/lib/osx/libfmodex.dylib \"$TARGET_BUILD_DIR/$PRODUCT_NAME.app/Contents/MacOS/libfmodex.dylib\"; install_name_tool -change ./libfmodex.dylib @executable_path/libfmodex.dylib \"$TARGET_BUILD_DIR/$PRODUCT_NAME.app/Contents/MacOS/$PRODUCT_NAME\";";
		};
/* End PBXShellScriptBuildPhase section */

/* Begin PBXSourcesBuildPhase section */
		E4B69B580A3A1756003C02F2 /* Sources */ = {
			isa = PBXSourcesBuildPhase;
			buildActionMask = 2147483647;
			files = (
				E4B69E200A3A1BDC003C02F2 /* main.cpp in Sources */,
				E4B69E210A3A1BDC003C02F2 /* testApp.cpp in Sources */,
				044E2AA915F0B2130077B0E6 /* dump.c in Sources */,
				044E2AAA15F0B2130077B0E6 /* hashtable.c in Sources */,
				044E2AAB15F0B2130077B0E6 /* load.c in Sources */,
				044E2AAC15F0B2130077B0E6 /* strbuffer.c in Sources */,
				044E2AAD15F0B2130077B0E6 /* utf.c in Sources */,
				044E2AAE15F0B2130077B0E6 /* value.c in Sources */,
				044E2AAF15F0B2130077B0E6 /* ofxJansson.cpp in Sources */,
				044E2AB915F0B5300077B0E6 /* tinyxml.cpp in Sources */,
				044E2ABA15F0B5300077B0E6 /* tinyxmlerror.cpp in Sources */,
				044E2ABB15F0B5300077B0E6 /* tinyxmlparser.cpp in Sources */,
				044E2ABC15F0B5300077B0E6 /* ofxXmlSettings.cpp in Sources */,
				04CAE09915F4E6690073E46D /* data.cpp in Sources */,
				04CAE09D15F5003F0073E46D /* simulator.cpp in Sources */,
				04CAE09F15F504FB0073E46D /* flowControl.cpp in Sources */,
				04CAE0A615F520590073E46D /* interface.cpp in Sources */,
				0423390B15F69DFC00E5AE1A /* Color.cpp in Sources */,
				0423390C15F69DFC00E5AE1A /* MSACoreGL.cpp in Sources */,
			);
			runOnlyForDeploymentPostprocessing = 0;
		};
/* End PBXSourcesBuildPhase section */

/* Begin PBXTargetDependency section */
		E4EEB9AC138B136A00A80321 /* PBXTargetDependency */ = {
			isa = PBXTargetDependency;
			name = openFrameworks;
			targetProxy = E4EEB9AB138B136A00A80321 /* PBXContainerItemProxy */;
		};
/* End PBXTargetDependency section */

/* Begin XCBuildConfiguration section */
		E4B69B4E0A3A1720003C02F2 /* Debug */ = {
			isa = XCBuildConfiguration;
			baseConfigurationReference = E4EB6923138AFD0F00A09F29 /* Project.xcconfig */;
			buildSettings = {
				ARCHS = "$(NATIVE_ARCH)";
				CONFIGURATION_BUILD_DIR = "$(SRCROOT)/bin/";
				COPY_PHASE_STRIP = NO;
				DEAD_CODE_STRIPPING = YES;
				GCC_AUTO_VECTORIZATION = YES;
				GCC_ENABLE_SSE3_EXTENSIONS = YES;
				GCC_ENABLE_SUPPLEMENTAL_SSE3_INSTRUCTIONS = YES;
				GCC_INLINES_ARE_PRIVATE_EXTERN = NO;
				GCC_OPTIMIZATION_LEVEL = 0;
				GCC_SYMBOLS_PRIVATE_EXTERN = NO;
				GCC_WARN_ABOUT_DEPRECATED_FUNCTIONS = NO;
				GCC_WARN_ABOUT_INVALID_OFFSETOF_MACRO = NO;
				GCC_WARN_ALLOW_INCOMPLETE_PROTOCOL = NO;
				GCC_WARN_UNINITIALIZED_AUTOS = NO;
				GCC_WARN_UNUSED_VALUE = NO;
				GCC_WARN_UNUSED_VARIABLE = NO;
				HEADER_SEARCH_PATHS = (
					"$(OF_CORE_HEADERS)",
					src,
				);
				OTHER_CPLUSPLUSFLAGS = (
					"-D__MACOSX_CORE__",
					"-lpthread",
					"-mtune=native",
				);
				SDKROOT = "$(DEVELOPER_SDK_DIR)/MacOSX10.6.sdk";
			};
			name = Debug;
		};
		E4B69B4F0A3A1720003C02F2 /* Release */ = {
			isa = XCBuildConfiguration;
			baseConfigurationReference = E4EB6923138AFD0F00A09F29 /* Project.xcconfig */;
			buildSettings = {
				ARCHS = "$(NATIVE_ARCH)";
				CONFIGURATION_BUILD_DIR = "$(SRCROOT)/bin/";
				COPY_PHASE_STRIP = YES;
				DEAD_CODE_STRIPPING = YES;
				GCC_AUTO_VECTORIZATION = YES;
				GCC_ENABLE_SSE3_EXTENSIONS = YES;
				GCC_ENABLE_SUPPLEMENTAL_SSE3_INSTRUCTIONS = YES;
				GCC_INLINES_ARE_PRIVATE_EXTERN = NO;
				GCC_OPTIMIZATION_LEVEL = 3;
				GCC_SYMBOLS_PRIVATE_EXTERN = NO;
				GCC_UNROLL_LOOPS = YES;
				GCC_WARN_ABOUT_DEPRECATED_FUNCTIONS = NO;
				GCC_WARN_ABOUT_INVALID_OFFSETOF_MACRO = NO;
				GCC_WARN_ALLOW_INCOMPLETE_PROTOCOL = NO;
				GCC_WARN_UNINITIALIZED_AUTOS = NO;
				GCC_WARN_UNUSED_VALUE = NO;
				GCC_WARN_UNUSED_VARIABLE = NO;
				HEADER_SEARCH_PATHS = (
					"$(OF_CORE_HEADERS)",
					src,
				);
				OTHER_CPLUSPLUSFLAGS = (
					"-D__MACOSX_CORE__",
					"-lpthread",
					"-mtune=native",
				);
				SDKROOT = "$(DEVELOPER_SDK_DIR)/MacOSX10.6.sdk";
			};
			name = Release;
		};
		E4B69B600A3A1757003C02F2 /* Debug */ = {
			isa = XCBuildConfiguration;
			buildSettings = {
				COPY_PHASE_STRIP = NO;
				FRAMEWORK_SEARCH_PATHS = (
					"$(inherited)",
					"$(FRAMEWORK_SEARCH_PATHS_QUOTED_FOR_TARGET_1)",
				);
				FRAMEWORK_SEARCH_PATHS_QUOTED_FOR_TARGET_1 = "\"$(SRCROOT)/../../../libs/glut/lib/osx\"";
				GCC_DYNAMIC_NO_PIC = NO;
				GCC_ENABLE_FIX_AND_CONTINUE = YES;
				GCC_GENERATE_DEBUGGING_SYMBOLS = YES;
				GCC_MODEL_TUNING = NONE;
				GCC_PRECOMPILE_PREFIX_HEADER = YES;
				GCC_PREFIX_HEADER = "$(SYSTEM_LIBRARY_DIR)/Frameworks/Carbon.framework/Headers/Carbon.h";
				INFOPLIST_FILE = "openFrameworks-Info.plist";
				INSTALL_PATH = "$(HOME)/Applications";
				LIBRARY_SEARCH_PATHS = (
					"$(inherited)",
					"$(LIBRARY_SEARCH_PATHS_QUOTED_FOR_TARGET_1)",
					"$(LIBRARY_SEARCH_PATHS_QUOTED_FOR_TARGET_2)",
					"$(LIBRARY_SEARCH_PATHS_QUOTED_FOR_TARGET_3)",
					"$(LIBRARY_SEARCH_PATHS_QUOTED_FOR_TARGET_4)",
					"$(LIBRARY_SEARCH_PATHS_QUOTED_FOR_TARGET_5)",
					"$(LIBRARY_SEARCH_PATHS_QUOTED_FOR_TARGET_6)",
					"$(LIBRARY_SEARCH_PATHS_QUOTED_FOR_TARGET_7)",
					"$(LIBRARY_SEARCH_PATHS_QUOTED_FOR_TARGET_8)",
					"$(LIBRARY_SEARCH_PATHS_QUOTED_FOR_TARGET_9)",
					"$(LIBRARY_SEARCH_PATHS_QUOTED_FOR_TARGET_10)",
					"$(LIBRARY_SEARCH_PATHS_QUOTED_FOR_TARGET_11)",
					"$(LIBRARY_SEARCH_PATHS_QUOTED_FOR_TARGET_12)",
					"$(LIBRARY_SEARCH_PATHS_QUOTED_FOR_TARGET_13)",
					"$(LIBRARY_SEARCH_PATHS_QUOTED_FOR_TARGET_14)",
					"$(LIBRARY_SEARCH_PATHS_QUOTED_FOR_TARGET_15)",
					"$(LIBRARY_SEARCH_PATHS_QUOTED_FOR_TARGET_2)",
					"$(LIBRARY_SEARCH_PATHS_QUOTED_FOR_TARGET_3)",
					"$(LIBRARY_SEARCH_PATHS_QUOTED_FOR_TARGET_7)",
					"$(LIBRARY_SEARCH_PATHS_QUOTED_FOR_TARGET_8)",
					"$(LIBRARY_SEARCH_PATHS_QUOTED_FOR_TARGET_9)",
					"$(LIBRARY_SEARCH_PATHS_QUOTED_FOR_TARGET_10)",
					"$(LIBRARY_SEARCH_PATHS_QUOTED_FOR_TARGET_11)",
					"$(LIBRARY_SEARCH_PATHS_QUOTED_FOR_TARGET_12)",
					"$(LIBRARY_SEARCH_PATHS_QUOTED_FOR_TARGET_13)",
					"$(LIBRARY_SEARCH_PATHS_QUOTED_FOR_TARGET_16)",
					"$(LIBRARY_SEARCH_PATHS_QUOTED_FOR_TARGET_17)",
					"$(LIBRARY_SEARCH_PATHS_QUOTED_FOR_TARGET_18)",
					"$(LIBRARY_SEARCH_PATHS_QUOTED_FOR_TARGET_19)",
					"$(LIBRARY_SEARCH_PATHS_QUOTED_FOR_TARGET_20)",
					"$(LIBRARY_SEARCH_PATHS_QUOTED_FOR_TARGET_21)",
					"$(LIBRARY_SEARCH_PATHS_QUOTED_FOR_TARGET_22)",
					"$(LIBRARY_SEARCH_PATHS_QUOTED_FOR_TARGET_23)",
					"$(LIBRARY_SEARCH_PATHS_QUOTED_FOR_TARGET_24)",
					"$(LIBRARY_SEARCH_PATHS_QUOTED_FOR_TARGET_25)",
					"$(LIBRARY_SEARCH_PATHS_QUOTED_FOR_TARGET_26)",
					"$(LIBRARY_SEARCH_PATHS_QUOTED_FOR_TARGET_27)",
					"$(LIBRARY_SEARCH_PATHS_QUOTED_FOR_TARGET_28)",
					"$(LIBRARY_SEARCH_PATHS_QUOTED_FOR_TARGET_29)",
					"$(LIBRARY_SEARCH_PATHS_QUOTED_FOR_TARGET_30)",
					"$(LIBRARY_SEARCH_PATHS_QUOTED_FOR_TARGET_31)",
					"$(LIBRARY_SEARCH_PATHS_QUOTED_FOR_TARGET_32)",
					"$(LIBRARY_SEARCH_PATHS_QUOTED_FOR_TARGET_33)",
					"$(LIBRARY_SEARCH_PATHS_QUOTED_FOR_TARGET_34)",
					"$(LIBRARY_SEARCH_PATHS_QUOTED_FOR_TARGET_35)",
					"$(LIBRARY_SEARCH_PATHS_QUOTED_FOR_TARGET_36)",
					"$(LIBRARY_SEARCH_PATHS_QUOTED_FOR_TARGET_37)",
					"$(LIBRARY_SEARCH_PATHS_QUOTED_FOR_TARGET_38)",
					"$(LIBRARY_SEARCH_PATHS_QUOTED_FOR_TARGET_39)",
					"$(LIBRARY_SEARCH_PATHS_QUOTED_FOR_TARGET_40)",
					"$(LIBRARY_SEARCH_PATHS_QUOTED_FOR_TARGET_41)",
					"$(LIBRARY_SEARCH_PATHS_QUOTED_FOR_TARGET_42)",
					"$(LIBRARY_SEARCH_PATHS_QUOTED_FOR_TARGET_43)",
					"$(LIBRARY_SEARCH_PATHS_QUOTED_FOR_TARGET_44)",
					"$(LIBRARY_SEARCH_PATHS_QUOTED_FOR_TARGET_45)",
					"$(LIBRARY_SEARCH_PATHS_QUOTED_FOR_TARGET_46)",
					"$(LIBRARY_SEARCH_PATHS_QUOTED_FOR_TARGET_47)",
					"$(LIBRARY_SEARCH_PATHS_QUOTED_FOR_TARGET_48)",
					"$(LIBRARY_SEARCH_PATHS_QUOTED_FOR_TARGET_49)",
					"$(LIBRARY_SEARCH_PATHS_QUOTED_FOR_TARGET_50)",
					"$(LIBRARY_SEARCH_PATHS_QUOTED_FOR_TARGET_51)",
					"$(LIBRARY_SEARCH_PATHS_QUOTED_FOR_TARGET_52)",
				);
				PREBINDING = NO;
				PRODUCT_NAME = chaosFlowDebug;
				SDKROOT = "$(DEVELOPER_SDK_DIR)/MacOSX10.6.sdk";
				WRAPPER_EXTENSION = app;
			};
			name = Debug;
		};
		E4B69B610A3A1757003C02F2 /* Release */ = {
			isa = XCBuildConfiguration;
			buildSettings = {
				COPY_PHASE_STRIP = YES;
				FRAMEWORK_SEARCH_PATHS = (
					"$(inherited)",
					"$(FRAMEWORK_SEARCH_PATHS_QUOTED_FOR_TARGET_1)",
				);
				FRAMEWORK_SEARCH_PATHS_QUOTED_FOR_TARGET_1 = "\"$(SRCROOT)/../../../libs/glut/lib/osx\"";
				GCC_ENABLE_FIX_AND_CONTINUE = NO;
				GCC_GENERATE_DEBUGGING_SYMBOLS = YES;
				GCC_MODEL_TUNING = NONE;
				GCC_PRECOMPILE_PREFIX_HEADER = YES;
				GCC_PREFIX_HEADER = "$(SYSTEM_LIBRARY_DIR)/Frameworks/Carbon.framework/Headers/Carbon.h";
				INFOPLIST_FILE = "openFrameworks-Info.plist";
				INSTALL_PATH = "$(HOME)/Applications";
				LIBRARY_SEARCH_PATHS = (
					"$(inherited)",
					"$(LIBRARY_SEARCH_PATHS_QUOTED_FOR_TARGET_1)",
					"$(LIBRARY_SEARCH_PATHS_QUOTED_FOR_TARGET_2)",
					"$(LIBRARY_SEARCH_PATHS_QUOTED_FOR_TARGET_3)",
					"$(LIBRARY_SEARCH_PATHS_QUOTED_FOR_TARGET_4)",
					"$(LIBRARY_SEARCH_PATHS_QUOTED_FOR_TARGET_5)",
					"$(LIBRARY_SEARCH_PATHS_QUOTED_FOR_TARGET_6)",
					"$(LIBRARY_SEARCH_PATHS_QUOTED_FOR_TARGET_7)",
					"$(LIBRARY_SEARCH_PATHS_QUOTED_FOR_TARGET_8)",
					"$(LIBRARY_SEARCH_PATHS_QUOTED_FOR_TARGET_9)",
					"$(LIBRARY_SEARCH_PATHS_QUOTED_FOR_TARGET_10)",
					"$(LIBRARY_SEARCH_PATHS_QUOTED_FOR_TARGET_11)",
					"$(LIBRARY_SEARCH_PATHS_QUOTED_FOR_TARGET_12)",
					"$(LIBRARY_SEARCH_PATHS_QUOTED_FOR_TARGET_13)",
					"$(LIBRARY_SEARCH_PATHS_QUOTED_FOR_TARGET_14)",
					"$(LIBRARY_SEARCH_PATHS_QUOTED_FOR_TARGET_15)",
					"$(LIBRARY_SEARCH_PATHS_QUOTED_FOR_TARGET_2)",
					"$(LIBRARY_SEARCH_PATHS_QUOTED_1)",
					"$(LIBRARY_SEARCH_PATHS_QUOTED_FOR_TARGET_3)",
					"$(LIBRARY_SEARCH_PATHS_QUOTED_FOR_TARGET_7)",
					"$(LIBRARY_SEARCH_PATHS_QUOTED_FOR_TARGET_8)",
					"$(LIBRARY_SEARCH_PATHS_QUOTED_FOR_TARGET_9)",
					"$(LIBRARY_SEARCH_PATHS_QUOTED_FOR_TARGET_10)",
					"$(LIBRARY_SEARCH_PATHS_QUOTED_FOR_TARGET_11)",
					"$(LIBRARY_SEARCH_PATHS_QUOTED_FOR_TARGET_12)",
					"$(LIBRARY_SEARCH_PATHS_QUOTED_FOR_TARGET_13)",
					"$(LIBRARY_SEARCH_PATHS_QUOTED_FOR_TARGET_16)",
					"$(LIBRARY_SEARCH_PATHS_QUOTED_FOR_TARGET_17)",
					"$(LIBRARY_SEARCH_PATHS_QUOTED_FOR_TARGET_18)",
					"$(LIBRARY_SEARCH_PATHS_QUOTED_FOR_TARGET_19)",
					"$(LIBRARY_SEARCH_PATHS_QUOTED_FOR_TARGET_20)",
					"$(LIBRARY_SEARCH_PATHS_QUOTED_FOR_TARGET_21)",
					"$(LIBRARY_SEARCH_PATHS_QUOTED_FOR_TARGET_22)",
					"$(LIBRARY_SEARCH_PATHS_QUOTED_FOR_TARGET_23)",
					"$(LIBRARY_SEARCH_PATHS_QUOTED_FOR_TARGET_24)",
					"$(LIBRARY_SEARCH_PATHS_QUOTED_FOR_TARGET_25)",
					"$(LIBRARY_SEARCH_PATHS_QUOTED_FOR_TARGET_26)",
					"$(LIBRARY_SEARCH_PATHS_QUOTED_FOR_TARGET_27)",
					"$(LIBRARY_SEARCH_PATHS_QUOTED_FOR_TARGET_28)",
					"$(LIBRARY_SEARCH_PATHS_QUOTED_FOR_TARGET_29)",
					"$(LIBRARY_SEARCH_PATHS_QUOTED_FOR_TARGET_30)",
					"$(LIBRARY_SEARCH_PATHS_QUOTED_FOR_TARGET_31)",
					"$(LIBRARY_SEARCH_PATHS_QUOTED_FOR_TARGET_32)",
					"$(LIBRARY_SEARCH_PATHS_QUOTED_FOR_TARGET_33)",
					"$(LIBRARY_SEARCH_PATHS_QUOTED_FOR_TARGET_34)",
					"$(LIBRARY_SEARCH_PATHS_QUOTED_FOR_TARGET_35)",
					"$(LIBRARY_SEARCH_PATHS_QUOTED_FOR_TARGET_36)",
					"$(LIBRARY_SEARCH_PATHS_QUOTED_FOR_TARGET_37)",
					"$(LIBRARY_SEARCH_PATHS_QUOTED_FOR_TARGET_38)",
					"$(LIBRARY_SEARCH_PATHS_QUOTED_FOR_TARGET_39)",
					"$(LIBRARY_SEARCH_PATHS_QUOTED_FOR_TARGET_40)",
					"$(LIBRARY_SEARCH_PATHS_QUOTED_FOR_TARGET_41)",
					"$(LIBRARY_SEARCH_PATHS_QUOTED_FOR_TARGET_42)",
					"$(LIBRARY_SEARCH_PATHS_QUOTED_FOR_TARGET_43)",
					"$(LIBRARY_SEARCH_PATHS_QUOTED_FOR_TARGET_44)",
					"$(LIBRARY_SEARCH_PATHS_QUOTED_FOR_TARGET_45)",
					"$(LIBRARY_SEARCH_PATHS_QUOTED_FOR_TARGET_46)",
					"$(LIBRARY_SEARCH_PATHS_QUOTED_FOR_TARGET_47)",
					"$(LIBRARY_SEARCH_PATHS_QUOTED_FOR_TARGET_48)",
					"$(LIBRARY_SEARCH_PATHS_QUOTED_FOR_TARGET_49)",
					"$(LIBRARY_SEARCH_PATHS_QUOTED_FOR_TARGET_50)",
					"$(LIBRARY_SEARCH_PATHS_QUOTED_FOR_TARGET_51)",
				);
				PREBINDING = NO;
				PRODUCT_NAME = chaosFlow;
				SDKROOT = "$(DEVELOPER_SDK_DIR)/MacOSX10.6.sdk";
				WRAPPER_EXTENSION = app;
			};
			name = Release;
		};
/* End XCBuildConfiguration section */

/* Begin XCConfigurationList section */
		E4B69B4D0A3A1720003C02F2 /* Build configuration list for PBXProject "chaosFlow" */ = {
			isa = XCConfigurationList;
			buildConfigurations = (
				E4B69B4E0A3A1720003C02F2 /* Debug */,
				E4B69B4F0A3A1720003C02F2 /* Release */,
			);
			defaultConfigurationIsVisible = 0;
			defaultConfigurationName = Release;
		};
		E4B69B5F0A3A1757003C02F2 /* Build configuration list for PBXNativeTarget "chaosFlow" */ = {
			isa = XCConfigurationList;
			buildConfigurations = (
				E4B69B600A3A1757003C02F2 /* Debug */,
				E4B69B610A3A1757003C02F2 /* Release */,
			);
			defaultConfigurationIsVisible = 0;
			defaultConfigurationName = Release;
		};
/* End XCConfigurationList section */
	};
	rootObject = E4B69B4C0A3A1720003C02F2 /* Project object */;
}
